
Microsoft Visual Studio Solution File, Format Version 12.00
# Visual Studio Version 17
VisualStudioVersion = 17.5.33414.496
MinimumVisualStudioVersion = 10.0.40219.1
Project("{FAE04EC0-301F-11D3-BF4B-00C04F79EFBC}") = "EToy", "EToy\EToy.csproj", "{C9A355F8-6301-4A1A-9F5B-0AE70CA8166A}"
EndProject
Project("{FAE04EC0-301F-11D3-BF4B-00C04F79EFBC}") = "Domain", "Domain\Domain.csproj", "{914E2A2F-9ACA-423A-B3B8-E0606E1D01D4}"
EndProject
Project("{FAE04EC0-301F-11D3-BF4B-00C04F79EFBC}") = "DataAccess", "DataAccess\DataAccess.csproj", "{E9A8D661-ED40-4956-ACFD-C48A14867575}"
EndProject
Project("{FAE04EC0-301F-11D3-BF4B-00C04F79EFBC}") = "Infrastructure", "Infrastructure\Infrastructure.csproj", "{DCAFE907-8B5A-4D72-92F7-5F87B4E62F6D}"
EndProject
Global
	GlobalSection(SolutionConfigurationPlatforms) = preSolution
		Debug|Any CPU = Debug|Any CPU
		Release|Any CPU = Release|Any CPU
	EndGlobalSection
	GlobalSection(ProjectConfigurationPlatforms) = postSolution
		{C9A355F8-6301-4A1A-9F5B-0AE70CA8166A}.Debug|Any CPU.ActiveCfg = Debug|Any CPU
		{C9A355F8-6301-4A1A-9F5B-0AE70CA8166A}.Debug|Any CPU.Build.0 = Debug|Any CPU
		{C9A355F8-6301-4A1A-9F5B-0AE70CA8166A}.Release|Any CPU.ActiveCfg = Release|Any CPU
		{C9A355F8-6301-4A1A-9F5B-0AE70CA8166A}.Release|Any CPU.Build.0 = Release|Any CPU
		{914E2A2F-9ACA-423A-B3B8-E0606E1D01D4}.Debug|Any CPU.ActiveCfg = Debug|Any CPU
		{914E2A2F-9ACA-423A-B3B8-E0606E1D01D4}.Debug|Any CPU.Build.0 = Debug|Any CPU
		{914E2A2F-9ACA-423A-B3B8-E0606E1D01D4}.Release|Any CPU.ActiveCfg = Release|Any CPU
		{914E2A2F-9ACA-423A-B3B8-E0606E1D01D4}.Release|Any CPU.Build.0 = Release|Any CPU
		{E9A8D661-ED40-4956-ACFD-C48A14867575}.Debug|Any CPU.ActiveCfg = Debug|Any CPU
		{E9A8D661-ED40-4956-ACFD-C48A14867575}.Debug|Any CPU.Build.0 = Debug|Any CPU
		{E9A8D661-ED40-4956-ACFD-C48A14867575}.Release|Any CPU.ActiveCfg = Release|Any CPU
		{E9A8D661-ED40-4956-ACFD-C48A14867575}.Release|Any CPU.Build.0 = Release|Any CPU
		{DCAFE907-8B5A-4D72-92F7-5F87B4E62F6D}.Debug|Any CPU.ActiveCfg = Debug|Any CPU
		{DCAFE907-8B5A-4D72-92F7-5F87B4E62F6D}.Debug|Any CPU.Build.0 = Debug|Any CPU
		{DCAFE907-8B5A-4D72-92F7-5F87B4E62F6D}.Release|Any CPU.ActiveCfg = Release|Any CPU
		{DCAFE907-8B5A-4D72-92F7-5F87B4E62F6D}.Release|Any CPU.Build.0 = Release|Any CPU
	EndGlobalSection
	GlobalSection(SolutionProperties) = preSolution
		HideSolutionNode = FALSE
	EndGlobalSection
	GlobalSection(ExtensibilityGlobals) = postSolution
		SolutionGuid = {6E765441-BBD0-443F-88E3-1DDF4D495BA2}
	EndGlobalSection
EndGlobal
